
Microsoft Visual Studio Solution File, Format Version 12.00
# Visual Studio 15
VisualStudioVersion = 15.0.26228.4
MinimumVisualStudioVersion = 10.0.40219.1
Project("{FAE04EC0-301F-11D3-BF4B-00C04F79EFBC}") = "AdventOfCode2017.Day1", "AdventOfCode2017.Day1\AdventOfCode2017.Day1.csproj", "{516C0F01-1CF4-4FA5-9F85-92E5B4A0263C}"
EndProject
Project("{FAE04EC0-301F-11D3-BF4B-00C04F79EFBC}") = "AdventOfCode2017.Day2", "AdventOfCode2017.Day2\AdventOfCode2017.Day2.csproj", "{E583A321-BF9F-479D-8841-7D3D3944F67C}"
EndProject
Project("{FAE04EC0-301F-11D3-BF4B-00C04F79EFBC}") = "AdventOfCode2017.Day3", "AdventOfCode2017.Day3\AdventOfCode2017.Day3.csproj", "{E30273E2-B889-4BE4-BD5E-B7C976F1947C}"
EndProject
Project("{FAE04EC0-301F-11D3-BF4B-00C04F79EFBC}") = "AdventOfCode2017.Day4", "AdventOfCode2017.Day4\AdventOfCode2017.Day4.csproj", "{FA6278B8-92CF-4F24-8A0B-3FDDB90660C5}"
EndProject
Project("{FAE04EC0-301F-11D3-BF4B-00C04F79EFBC}") = "AdventOfCode2017.Day5", "AdventOfCode2017.Day5\AdventOfCode2017.Day5.csproj", "{D967C457-3EE0-4552-BC63-FA9E6EF323BE}"
EndProject
Project("{FAE04EC0-301F-11D3-BF4B-00C04F79EFBC}") = "AdventOfCode2017.Day6", "AdventOfCode2017.Day6\AdventOfCode2017.Day6.csproj", "{D22F2A30-4096-4EE2-B7CF-430643A52985}"
EndProject
Global
	GlobalSection(SolutionConfigurationPlatforms) = preSolution
		Debug|Any CPU = Debug|Any CPU
		Release|Any CPU = Release|Any CPU
	EndGlobalSection
	GlobalSection(ProjectConfigurationPlatforms) = postSolution
		{516C0F01-1CF4-4FA5-9F85-92E5B4A0263C}.Debug|Any CPU.ActiveCfg = Debug|Any CPU
		{516C0F01-1CF4-4FA5-9F85-92E5B4A0263C}.Debug|Any CPU.Build.0 = Debug|Any CPU
		{516C0F01-1CF4-4FA5-9F85-92E5B4A0263C}.Release|Any CPU.ActiveCfg = Release|Any CPU
		{516C0F01-1CF4-4FA5-9F85-92E5B4A0263C}.Release|Any CPU.Build.0 = Release|Any CPU
		{E583A321-BF9F-479D-8841-7D3D3944F67C}.Debug|Any CPU.ActiveCfg = Debug|Any CPU
		{E583A321-BF9F-479D-8841-7D3D3944F67C}.Debug|Any CPU.Build.0 = Debug|Any CPU
		{E583A321-BF9F-479D-8841-7D3D3944F67C}.Release|Any CPU.ActiveCfg = Release|Any CPU
		{E583A321-BF9F-479D-8841-7D3D3944F67C}.Release|Any CPU.Build.0 = Release|Any CPU
		{E30273E2-B889-4BE4-BD5E-B7C976F1947C}.Debug|Any CPU.ActiveCfg = Debug|Any CPU
		{E30273E2-B889-4BE4-BD5E-B7C976F1947C}.Debug|Any CPU.Build.0 = Debug|Any CPU
		{E30273E2-B889-4BE4-BD5E-B7C976F1947C}.Release|Any CPU.ActiveCfg = Release|Any CPU
		{E30273E2-B889-4BE4-BD5E-B7C976F1947C}.Release|Any CPU.Build.0 = Release|Any CPU
		{FA6278B8-92CF-4F24-8A0B-3FDDB90660C5}.Debug|Any CPU.ActiveCfg = Debug|Any CPU
		{FA6278B8-92CF-4F24-8A0B-3FDDB90660C5}.Debug|Any CPU.Build.0 = Debug|Any CPU
		{FA6278B8-92CF-4F24-8A0B-3FDDB90660C5}.Release|Any CPU.ActiveCfg = Release|Any CPU
		{FA6278B8-92CF-4F24-8A0B-3FDDB90660C5}.Release|Any CPU.Build.0 = Release|Any CPU
		{D967C457-3EE0-4552-BC63-FA9E6EF323BE}.Debug|Any CPU.ActiveCfg = Debug|Any CPU
		{D967C457-3EE0-4552-BC63-FA9E6EF323BE}.Debug|Any CPU.Build.0 = Debug|Any CPU
		{D967C457-3EE0-4552-BC63-FA9E6EF323BE}.Release|Any CPU.ActiveCfg = Release|Any CPU
		{D967C457-3EE0-4552-BC63-FA9E6EF323BE}.Release|Any CPU.Build.0 = Release|Any CPU
		{D22F2A30-4096-4EE2-B7CF-430643A52985}.Debug|Any CPU.ActiveCfg = Debug|Any CPU
		{D22F2A30-4096-4EE2-B7CF-430643A52985}.Debug|Any CPU.Build.0 = Debug|Any CPU
		{D22F2A30-4096-4EE2-B7CF-430643A52985}.Release|Any CPU.ActiveCfg = Release|Any CPU
		{D22F2A30-4096-4EE2-B7CF-430643A52985}.Release|Any CPU.Build.0 = Release|Any CPU
	EndGlobalSection
	GlobalSection(SolutionProperties) = preSolution
		HideSolutionNode = FALSE
	EndGlobalSection
EndGlobal
