
Microsoft Visual Studio Solution File, Format Version 12.00
# Visual Studio 15
VisualStudioVersion = 15.0.26228.4
MinimumVisualStudioVersion = 10.0.40219.1
Project("{FAE04EC0-301F-11D3-BF4B-00C04F79EFBC}") = "AdventOfCode2017.Day01", "AdventOfCode2017.Day1\AdventOfCode2017.Day01.csproj", "{516C0F01-1CF4-4FA5-9F85-92E5B4A0263C}"
EndProject
Project("{FAE04EC0-301F-11D3-BF4B-00C04F79EFBC}") = "AdventOfCode2017.Day02", "AdventOfCode2017.Day2\AdventOfCode2017.Day02.csproj", "{E583A321-BF9F-479D-8841-7D3D3944F67C}"
EndProject
Project("{FAE04EC0-301F-11D3-BF4B-00C04F79EFBC}") = "AdventOfCode2017.Day03", "AdventOfCode2017.Day3\AdventOfCode2017.Day03.csproj", "{E30273E2-B889-4BE4-BD5E-B7C976F1947C}"
EndProject
Project("{FAE04EC0-301F-11D3-BF4B-00C04F79EFBC}") = "AdventOfCode2017.Day04", "AdventOfCode2017.Day4\AdventOfCode2017.Day04.csproj", "{FA6278B8-92CF-4F24-8A0B-3FDDB90660C5}"
EndProject
Project("{FAE04EC0-301F-11D3-BF4B-00C04F79EFBC}") = "AdventOfCode2017.Day05", "AdventOfCode2017.Day5\AdventOfCode2017.Day05.csproj", "{D967C457-3EE0-4552-BC63-FA9E6EF323BE}"
EndProject
Project("{FAE04EC0-301F-11D3-BF4B-00C04F79EFBC}") = "AdventOfCode2017.Day06", "AdventOfCode2017.Day6\AdventOfCode2017.Day06.csproj", "{D22F2A30-4096-4EE2-B7CF-430643A52985}"
EndProject
Project("{FAE04EC0-301F-11D3-BF4B-00C04F79EFBC}") = "AdventOfCode2017.Day07", "AdventOfCode2017.Day7\AdventOfCode2017.Day07.csproj", "{FD40EC54-5567-4C07-93AF-7C6DC3151079}"
EndProject
Project("{FAE04EC0-301F-11D3-BF4B-00C04F79EFBC}") = "AdventOfCode2017.Day08", "AdventOfCode2017.Day8\AdventOfCode2017.Day08.csproj", "{BFEA424D-CD2C-48C7-AB29-BC40CF4AA36F}"
EndProject
Project("{FAE04EC0-301F-11D3-BF4B-00C04F79EFBC}") = "AdventOfCode2017.Day09", "AdventOfCode2017.Day09\AdventOfCode2017.Day09.csproj", "{EEB262B7-495F-4BAD-8FF7-CEE5F0276FBE}"
EndProject
Project("{FAE04EC0-301F-11D3-BF4B-00C04F79EFBC}") = "AdventOfCode2017.Day10", "AdventOfCode2017.Day10\AdventOfCode2017.Day10.csproj", "{BFC3F876-0FF9-483D-A475-321E79D67B7A}"
EndProject
Project("{FAE04EC0-301F-11D3-BF4B-00C04F79EFBC}") = "AdventOfCode2017.Day11", "AdventOfCode2017.Day11\AdventOfCode2017.Day11.csproj", "{66CCEF48-7C6D-402E-A4C5-63D787C5793C}"
EndProject
Project("{FAE04EC0-301F-11D3-BF4B-00C04F79EFBC}") = "AdventOfCode2017.Day12", "AdventOfCode2017.Day12\AdventOfCode2017.Day12.csproj", "{7B687387-1526-4A17-9616-933605D53F9D}"
EndProject
Project("{FAE04EC0-301F-11D3-BF4B-00C04F79EFBC}") = "AdventOfCode2017.Day13", "AdventOfCode2017.Day13\AdventOfCode2017.Day13.csproj", "{EF11C6BE-D598-4CE6-838B-EA4F525A71CE}"
EndProject
Project("{FAE04EC0-301F-11D3-BF4B-00C04F79EFBC}") = "AdventOfCode2017.Day14", "AdventOfCode2017.Day14\AdventOfCode2017.Day14.csproj", "{47890369-6D7F-48EC-A919-FE9F763DF6DA}"
EndProject
Global
	GlobalSection(SolutionConfigurationPlatforms) = preSolution
		Debug|Any CPU = Debug|Any CPU
		Release|Any CPU = Release|Any CPU
	EndGlobalSection
	GlobalSection(ProjectConfigurationPlatforms) = postSolution
		{516C0F01-1CF4-4FA5-9F85-92E5B4A0263C}.Debug|Any CPU.ActiveCfg = Debug|Any CPU
		{516C0F01-1CF4-4FA5-9F85-92E5B4A0263C}.Debug|Any CPU.Build.0 = Debug|Any CPU
		{516C0F01-1CF4-4FA5-9F85-92E5B4A0263C}.Release|Any CPU.ActiveCfg = Release|Any CPU
		{516C0F01-1CF4-4FA5-9F85-92E5B4A0263C}.Release|Any CPU.Build.0 = Release|Any CPU
		{E583A321-BF9F-479D-8841-7D3D3944F67C}.Debug|Any CPU.ActiveCfg = Debug|Any CPU
		{E583A321-BF9F-479D-8841-7D3D3944F67C}.Debug|Any CPU.Build.0 = Debug|Any CPU
		{E583A321-BF9F-479D-8841-7D3D3944F67C}.Release|Any CPU.ActiveCfg = Release|Any CPU
		{E583A321-BF9F-479D-8841-7D3D3944F67C}.Release|Any CPU.Build.0 = Release|Any CPU
		{E30273E2-B889-4BE4-BD5E-B7C976F1947C}.Debug|Any CPU.ActiveCfg = Debug|Any CPU
		{E30273E2-B889-4BE4-BD5E-B7C976F1947C}.Debug|Any CPU.Build.0 = Debug|Any CPU
		{E30273E2-B889-4BE4-BD5E-B7C976F1947C}.Release|Any CPU.ActiveCfg = Release|Any CPU
		{E30273E2-B889-4BE4-BD5E-B7C976F1947C}.Release|Any CPU.Build.0 = Release|Any CPU
		{FA6278B8-92CF-4F24-8A0B-3FDDB90660C5}.Debug|Any CPU.ActiveCfg = Debug|Any CPU
		{FA6278B8-92CF-4F24-8A0B-3FDDB90660C5}.Debug|Any CPU.Build.0 = Debug|Any CPU
		{FA6278B8-92CF-4F24-8A0B-3FDDB90660C5}.Release|Any CPU.ActiveCfg = Release|Any CPU
		{FA6278B8-92CF-4F24-8A0B-3FDDB90660C5}.Release|Any CPU.Build.0 = Release|Any CPU
		{D967C457-3EE0-4552-BC63-FA9E6EF323BE}.Debug|Any CPU.ActiveCfg = Debug|Any CPU
		{D967C457-3EE0-4552-BC63-FA9E6EF323BE}.Debug|Any CPU.Build.0 = Debug|Any CPU
		{D967C457-3EE0-4552-BC63-FA9E6EF323BE}.Release|Any CPU.ActiveCfg = Release|Any CPU
		{D967C457-3EE0-4552-BC63-FA9E6EF323BE}.Release|Any CPU.Build.0 = Release|Any CPU
		{D22F2A30-4096-4EE2-B7CF-430643A52985}.Debug|Any CPU.ActiveCfg = Debug|Any CPU
		{D22F2A30-4096-4EE2-B7CF-430643A52985}.Debug|Any CPU.Build.0 = Debug|Any CPU
		{D22F2A30-4096-4EE2-B7CF-430643A52985}.Release|Any CPU.ActiveCfg = Release|Any CPU
		{D22F2A30-4096-4EE2-B7CF-430643A52985}.Release|Any CPU.Build.0 = Release|Any CPU
		{FD40EC54-5567-4C07-93AF-7C6DC3151079}.Debug|Any CPU.ActiveCfg = Debug|Any CPU
		{FD40EC54-5567-4C07-93AF-7C6DC3151079}.Debug|Any CPU.Build.0 = Debug|Any CPU
		{FD40EC54-5567-4C07-93AF-7C6DC3151079}.Release|Any CPU.ActiveCfg = Release|Any CPU
		{FD40EC54-5567-4C07-93AF-7C6DC3151079}.Release|Any CPU.Build.0 = Release|Any CPU
		{BFEA424D-CD2C-48C7-AB29-BC40CF4AA36F}.Debug|Any CPU.ActiveCfg = Debug|Any CPU
		{BFEA424D-CD2C-48C7-AB29-BC40CF4AA36F}.Debug|Any CPU.Build.0 = Debug|Any CPU
		{BFEA424D-CD2C-48C7-AB29-BC40CF4AA36F}.Release|Any CPU.ActiveCfg = Release|Any CPU
		{BFEA424D-CD2C-48C7-AB29-BC40CF4AA36F}.Release|Any CPU.Build.0 = Release|Any CPU
		{EEB262B7-495F-4BAD-8FF7-CEE5F0276FBE}.Debug|Any CPU.ActiveCfg = Debug|Any CPU
		{EEB262B7-495F-4BAD-8FF7-CEE5F0276FBE}.Debug|Any CPU.Build.0 = Debug|Any CPU
		{EEB262B7-495F-4BAD-8FF7-CEE5F0276FBE}.Release|Any CPU.ActiveCfg = Release|Any CPU
		{EEB262B7-495F-4BAD-8FF7-CEE5F0276FBE}.Release|Any CPU.Build.0 = Release|Any CPU
		{BFC3F876-0FF9-483D-A475-321E79D67B7A}.Debug|Any CPU.ActiveCfg = Debug|Any CPU
		{BFC3F876-0FF9-483D-A475-321E79D67B7A}.Debug|Any CPU.Build.0 = Debug|Any CPU
		{BFC3F876-0FF9-483D-A475-321E79D67B7A}.Release|Any CPU.ActiveCfg = Release|Any CPU
		{BFC3F876-0FF9-483D-A475-321E79D67B7A}.Release|Any CPU.Build.0 = Release|Any CPU
		{66CCEF48-7C6D-402E-A4C5-63D787C5793C}.Debug|Any CPU.ActiveCfg = Debug|Any CPU
		{66CCEF48-7C6D-402E-A4C5-63D787C5793C}.Debug|Any CPU.Build.0 = Debug|Any CPU
		{66CCEF48-7C6D-402E-A4C5-63D787C5793C}.Release|Any CPU.ActiveCfg = Release|Any CPU
		{66CCEF48-7C6D-402E-A4C5-63D787C5793C}.Release|Any CPU.Build.0 = Release|Any CPU
		{7B687387-1526-4A17-9616-933605D53F9D}.Debug|Any CPU.ActiveCfg = Debug|Any CPU
		{7B687387-1526-4A17-9616-933605D53F9D}.Debug|Any CPU.Build.0 = Debug|Any CPU
		{7B687387-1526-4A17-9616-933605D53F9D}.Release|Any CPU.ActiveCfg = Release|Any CPU
		{7B687387-1526-4A17-9616-933605D53F9D}.Release|Any CPU.Build.0 = Release|Any CPU
		{EF11C6BE-D598-4CE6-838B-EA4F525A71CE}.Debug|Any CPU.ActiveCfg = Debug|Any CPU
		{EF11C6BE-D598-4CE6-838B-EA4F525A71CE}.Debug|Any CPU.Build.0 = Debug|Any CPU
		{EF11C6BE-D598-4CE6-838B-EA4F525A71CE}.Release|Any CPU.ActiveCfg = Release|Any CPU
		{EF11C6BE-D598-4CE6-838B-EA4F525A71CE}.Release|Any CPU.Build.0 = Release|Any CPU
		{47890369-6D7F-48EC-A919-FE9F763DF6DA}.Debug|Any CPU.ActiveCfg = Debug|Any CPU
		{47890369-6D7F-48EC-A919-FE9F763DF6DA}.Debug|Any CPU.Build.0 = Debug|Any CPU
		{47890369-6D7F-48EC-A919-FE9F763DF6DA}.Release|Any CPU.ActiveCfg = Release|Any CPU
		{47890369-6D7F-48EC-A919-FE9F763DF6DA}.Release|Any CPU.Build.0 = Release|Any CPU
	EndGlobalSection
	GlobalSection(SolutionProperties) = preSolution
		HideSolutionNode = FALSE
	EndGlobalSection
EndGlobal
